
Microsoft Visual Studio Solution File, Format Version 12.00
# Visual Studio Version 17
VisualStudioVersion = 17.10.35122.118
MinimumVisualStudioVersion = 10.0.40219.1
Project("{FAE04EC0-301F-11D3-BF4B-00C04F79EFBC}") = "Exersice2", "Exersice2\Exersice2.csproj", "{742F091E-AC60-4890-8009-7778760A936C}"
EndProject
Global
	GlobalSection(SolutionConfigurationPlatforms) = preSolution
		Debug|Any CPU = Debug|Any CPU
		Release|Any CPU = Release|Any CPU
	EndGlobalSection
	GlobalSection(ProjectConfigurationPlatforms) = postSolution
		{742F091E-AC60-4890-8009-7778760A936C}.Debug|Any CPU.ActiveCfg = Debug|Any CPU
		{742F091E-AC60-4890-8009-7778760A936C}.Debug|Any CPU.Build.0 = Debug|Any CPU
		{742F091E-AC60-4890-8009-7778760A936C}.Release|Any CPU.ActiveCfg = Release|Any CPU
		{742F091E-AC60-4890-8009-7778760A936C}.Release|Any CPU.Build.0 = Release|Any CPU
	EndGlobalSection
	GlobalSection(SolutionProperties) = preSolution
		HideSolutionNode = FALSE
	EndGlobalSection
	GlobalSection(ExtensibilityGlobals) = postSolution
		SolutionGuid = {5446D50F-C8C7-4A96-9BC8-24459CA85AE4}
	EndGlobalSection
EndGlobal
